{
  "version": 1,
  "dependencies": {
    ".NETFramework,Version=v4.5.2": {
      "Microsoft.PowerShell.5.ReferenceAssemblies": {
        "type": "Direct",
        "requested": "[1.1.0, )",
        "resolved": "1.1.0",
        "contentHash": "EE87t3aUXlO0Rjq83Ti8z1g4wwsWnB4W+pOn84i3QWzUOOuP5gZg8n4Y8XTZ7GkxGcoSR6w/d/kBJTJbc3VZPQ=="
      }
    }
  }
}